
Microsoft Visual Studio Solution File, Format Version 12.00
# Visual Studio Version 17
VisualStudioVersion = 17.12.35309.182
MinimumVisualStudioVersion = 10.0.40219.1
Project("{FAE04EC0-301F-11D3-BF4B-00C04F79EFBC}") = "KaraokeManager", "N8_BTL.NET\KaraokeManager.csproj", "{179496C3-654F-44FB-8587-3C784266E6DF}"
EndProject
Global
	GlobalSection(SolutionConfigurationPlatforms) = preSolution
		Debug|Any CPU = Debug|Any CPU
		Release|Any CPU = Release|Any CPU
	EndGlobalSection
	GlobalSection(ProjectConfigurationPlatforms) = postSolution
		{179496C3-654F-44FB-8587-3C784266E6DF}.Debug|Any CPU.ActiveCfg = Debug|Any CPU
		{179496C3-654F-44FB-8587-3C784266E6DF}.Debug|Any CPU.Build.0 = Debug|Any CPU
		{179496C3-654F-44FB-8587-3C784266E6DF}.Release|Any CPU.ActiveCfg = Release|Any CPU
		{179496C3-654F-44FB-8587-3C784266E6DF}.Release|Any CPU.Build.0 = Release|Any CPU
	EndGlobalSection
	GlobalSection(SolutionProperties) = preSolution
		HideSolutionNode = FALSE
	EndGlobalSection
	GlobalSection(ExtensibilityGlobals) = postSolution
		SolutionGuid = {FBE994AC-3EA7-48C2-BB01-AAA80552CF70}
	EndGlobalSection
EndGlobal
